
Microsoft Visual Studio Solution File, Format Version 12.00
# Visual Studio Version 16
VisualStudioVersion = 16.0.31624.102
MinimumVisualStudioVersion = 10.0.40219.1
Project("{9A19103F-16F7-4668-BE54-9A1E7A4F7556}") = "IdeaBank", "IdeaBank\IdeaBank.csproj", "{775BDFBC-7F44-4E50-B66B-4FFCA0C3136F}"
EndProject
Project("{9A19103F-16F7-4668-BE54-9A1E7A4F7556}") = "DataBaseLib", "IBDataAccess\DataBaseLib.csproj", "{701F3DCB-2B20-4CBD-947A-F1901FD540A1}"
EndProject
Project("{9A19103F-16F7-4668-BE54-9A1E7A4F7556}") = "BusinessLogicLib", "IBBusinessLogicLib\BusinessLogicLib.csproj", "{8CBD0EB7-8906-4476-97C4-0C725939DD3A}"
EndProject
Project("{9A19103F-16F7-4668-BE54-9A1E7A4F7556}") = "RepositoryLib", "RepositorieLib\RepositoryLib.csproj", "{732308D1-E2CF-4245-9F3E-8C0C9BE1B720}"
EndProject
Project("{2150E333-8FDC-42A3-9474-1A3956D46DE8}") = "Solution Items", "Solution Items", "{458A62EC-74F6-425E-A4F5-C66477522182}"
	ProjectSection(SolutionItems) = preProject
		.editorconfig = .editorconfig
	EndProjectSection
EndProject
Project("{FAE04EC0-301F-11D3-BF4B-00C04F79EFBC}") = "xUnitTesting", "xUnitTesting\xUnitTesting.csproj", "{BBF9A048-89ED-458E-A565-249A3DC3BF7B}"
EndProject
Global
	GlobalSection(SolutionConfigurationPlatforms) = preSolution
		Debug|Any CPU = Debug|Any CPU
		Release|Any CPU = Release|Any CPU
	EndGlobalSection
	GlobalSection(ProjectConfigurationPlatforms) = postSolution
		{775BDFBC-7F44-4E50-B66B-4FFCA0C3136F}.Debug|Any CPU.ActiveCfg = Debug|Any CPU
		{775BDFBC-7F44-4E50-B66B-4FFCA0C3136F}.Debug|Any CPU.Build.0 = Debug|Any CPU
		{775BDFBC-7F44-4E50-B66B-4FFCA0C3136F}.Release|Any CPU.ActiveCfg = Release|Any CPU
		{775BDFBC-7F44-4E50-B66B-4FFCA0C3136F}.Release|Any CPU.Build.0 = Release|Any CPU
		{701F3DCB-2B20-4CBD-947A-F1901FD540A1}.Debug|Any CPU.ActiveCfg = Debug|Any CPU
		{701F3DCB-2B20-4CBD-947A-F1901FD540A1}.Debug|Any CPU.Build.0 = Debug|Any CPU
		{701F3DCB-2B20-4CBD-947A-F1901FD540A1}.Release|Any CPU.ActiveCfg = Release|Any CPU
		{701F3DCB-2B20-4CBD-947A-F1901FD540A1}.Release|Any CPU.Build.0 = Release|Any CPU
		{8CBD0EB7-8906-4476-97C4-0C725939DD3A}.Debug|Any CPU.ActiveCfg = Debug|Any CPU
		{8CBD0EB7-8906-4476-97C4-0C725939DD3A}.Debug|Any CPU.Build.0 = Debug|Any CPU
		{8CBD0EB7-8906-4476-97C4-0C725939DD3A}.Release|Any CPU.ActiveCfg = Release|Any CPU
		{8CBD0EB7-8906-4476-97C4-0C725939DD3A}.Release|Any CPU.Build.0 = Release|Any CPU
		{732308D1-E2CF-4245-9F3E-8C0C9BE1B720}.Debug|Any CPU.ActiveCfg = Debug|Any CPU
		{732308D1-E2CF-4245-9F3E-8C0C9BE1B720}.Debug|Any CPU.Build.0 = Debug|Any CPU
		{732308D1-E2CF-4245-9F3E-8C0C9BE1B720}.Release|Any CPU.ActiveCfg = Release|Any CPU
		{732308D1-E2CF-4245-9F3E-8C0C9BE1B720}.Release|Any CPU.Build.0 = Release|Any CPU
		{BBF9A048-89ED-458E-A565-249A3DC3BF7B}.Debug|Any CPU.ActiveCfg = Debug|Any CPU
		{BBF9A048-89ED-458E-A565-249A3DC3BF7B}.Debug|Any CPU.Build.0 = Debug|Any CPU
		{BBF9A048-89ED-458E-A565-249A3DC3BF7B}.Release|Any CPU.ActiveCfg = Release|Any CPU
		{BBF9A048-89ED-458E-A565-249A3DC3BF7B}.Release|Any CPU.Build.0 = Release|Any CPU
	EndGlobalSection
	GlobalSection(SolutionProperties) = preSolution
		HideSolutionNode = FALSE
	EndGlobalSection
	GlobalSection(ExtensibilityGlobals) = postSolution
		SolutionGuid = {3BF5788A-44F4-4AFB-A0A6-9675B3C8959B}
	EndGlobalSection
EndGlobal
